
Microsoft Visual Studio Solution File, Format Version 12.00
# Visual Studio Version 17
VisualStudioVersion = 17.11.35312.102
MinimumVisualStudioVersion = 10.0.40219.1
Project("{FAE04EC0-301F-11D3-BF4B-00C04F79EFBC}") = "računanjePDV-a", "računanjePDV-a.csproj", "{1D7AA809-3B2C-4867-B9C6-9A9594B60FEB}"
EndProject
Global
	GlobalSection(SolutionConfigurationPlatforms) = preSolution
		Debug|Any CPU = Debug|Any CPU
		Release|Any CPU = Release|Any CPU
	EndGlobalSection
	GlobalSection(ProjectConfigurationPlatforms) = postSolution
		{1D7AA809-3B2C-4867-B9C6-9A9594B60FEB}.Debug|Any CPU.ActiveCfg = Debug|Any CPU
		{1D7AA809-3B2C-4867-B9C6-9A9594B60FEB}.Debug|Any CPU.Build.0 = Debug|Any CPU
		{1D7AA809-3B2C-4867-B9C6-9A9594B60FEB}.Release|Any CPU.ActiveCfg = Release|Any CPU
		{1D7AA809-3B2C-4867-B9C6-9A9594B60FEB}.Release|Any CPU.Build.0 = Release|Any CPU
	EndGlobalSection
	GlobalSection(SolutionProperties) = preSolution
		HideSolutionNode = FALSE
	EndGlobalSection
	GlobalSection(ExtensibilityGlobals) = postSolution
		SolutionGuid = {F9BD08C2-A9BF-445F-B44C-F65EA5928AAA}
	EndGlobalSection
EndGlobal
